{
  "R": {
    "Version": "4.5.1",
    "Repositories": [
      {
        "Name": "CRAN",
        "URL": "https://cran.ma.imperial.ac.uk"
      }
    ]
  },
  "Packages": {
    "R6": {
      "Package": "R6",
      "Version": "2.6.1",
      "Source": "Repository",
      "Repository": "CRAN",
      "Hash": "d4335fe7207f1c01ab8c41762f5840d4"
    },
    "base64enc": {
      "Package": "base64enc",
      "Version": "0.1-6",
      "Source": "Repository",
      "Repository": "CRAN",
      "Hash": "5edb675b7baa6e9a0d86dd2c28de1676"
    },
    "bookdown": {
      "Package": "bookdown",
      "Version": "0.47.2",
      "Source": "GitHub",
      "RemoteType": "github",
      "RemoteHost": "api.github.com",
      "RemoteUsername": "rstudio",
      "RemoteRepo": "bookdown",
      "RemoteRef": "main",
      "RemoteSha": "92e702a5133adcbce1f7e3f35cd9700bcbb370b6",
      "Hash": "56921921cb656a8384d11fdde2d8c92d"
    },
    "bslib": {
      "Package": "bslib",
      "Version": "0.12.0",
      "Source": "Repository",
      "Repository": "CRAN",
      "Hash": "b2d0b0a17142ed4858f252d88eb56223"
    },
    "cachem": {
      "Package": "cachem",
      "Version": "1.1.0",
      "Source": "Repository",
      "Repository": "CRAN",
      "Hash": "cd9a672193789068eb5a2aad65a0dedf"
    },
    "cli": {
      "Package": "cli",
      "Version": "3.6.6",
      "Source": "Repository",
      "Repository": "CRAN",
      "Hash": "a73d822b669d443ff8de6928f9c49850"
    },
    "digest": {
      "Package": "digest",
      "Version": "0.6.39",
      "Source": "Repository",
      "Repository": "CRAN",
      "Hash": "d18028e978a88b2b16ef8d400cb49adf"
    },
    "evaluate": {
      "Package": "evaluate",
      "Version": "1.0.5",
      "Source": "Repository",
      "Repository": "CRAN",
      "Hash": "94cf2c54237f6841cee68e3ba4ab5a14"
    },
    "fastmap": {
      "Package": "fastmap",
      "Version": "1.2.0",
      "Source": "Repository",
      "Repository": "CRAN",
      "Hash": "aa5e1cd11c2d15497494c5292d7ffcc8"
    },
    "fontawesome": {
      "Package": "fontawesome",
      "Version": "0.5.3",
      "Source": "Repository",
      "Repository": "CRAN",
      "Hash": "bd1297f9b5b1fc1372d19e2c4cd82215"
    },
    "fs": {
      "Package": "fs",
      "Version": "2.1.0",
      "Source": "Repository",
      "Repository": "CRAN",
      "Hash": "09278623bca442bc53b0940ffa2f6d87"
    },
    "here": {
      "Package": "here",
      "Version": "1.0.2",
      "Source": "Repository",
      "Repository": "CRAN",
      "Hash": "e5114f2abe04168238181913a8572358"
    },
    "highr": {
      "Package": "highr",
      "Version": "0.12",
      "Source": "Repository",
      "Repository": "CRAN",
      "Hash": "2a2f862ade01a56dcbcd60944de11255"
    },
    "htmltools": {
      "Package": "htmltools",
      "Version": "0.5.9",
      "Source": "Repository",
      "Repository": "CRAN",
      "Hash": "102298e238c14eb830cc4b5edd23c3e8"
    },
    "jquerylib": {
      "Package": "jquerylib",
      "Version": "0.1.4",
      "Source": "Repository",
      "Repository": "CRAN",
      "Hash": "5aab57a3bd297eee1c1d862735972182"
    },
    "jsonlite": {
      "Package": "jsonlite",
      "Version": "2.0.0",
      "Source": "Repository",
      "Repository": "CRAN",
      "Hash": "b0776f526d36d8bd4a3344a88fe165c4"
    },
    "knitr": {
      "Package": "knitr",
      "Version": "1.51",
      "Source": "Repository",
      "Repository": "CRAN",
      "Hash": "27682babb50f03b6eb7939ea69ec79ca"
    },
    "lifecycle": {
      "Package": "lifecycle",
      "Version": "1.0.5",
      "Source": "Repository",
      "Repository": "CRAN",
      "Hash": "36dbfe4fba6c064db50a671a90297c85"
    },
    "memoise": {
      "Package": "memoise",
      "Version": "2.0.1",
      "Source": "Repository",
      "Repository": "CRAN",
      "Hash": "e2817ccf4a065c5d9d7f2cfbe7c1d78c"
    },
    "mime": {
      "Package": "mime",
      "Version": "0.13",
      "Source": "Repository",
      "Repository": "CRAN",
      "Hash": "0ec19f34c72fab674d8f2b4b1c6410e1"
    },
    "rappdirs": {
      "Package": "rappdirs",
      "Version": "0.3.4",
      "Source": "Repository",
      "Repository": "CRAN",
      "Hash": "f146a5bfc94db048309712535d4d0aee"
    },
    "renv": {
      "Package": "renv",
      "Version": "0.13.2",
      "Source": "Repository",
      "Repository": "CRAN",
      "Hash": "079cb1f03ff972b30401ed05623cbe92"
    },
    "rlang": {
      "Package": "rlang",
      "Version": "1.3.0",
      "Source": "Repository",
      "Repository": "CRAN",
      "Hash": "8d05afdb0b0dd5ef01b306db289fe21f"
    },
    "rmarkdown": {
      "Package": "rmarkdown",
      "Version": "2.31",
      "Source": "Repository",
      "Repository": "CRAN",
      "Hash": "f34039d57d861d2869cbf9be813ed08e"
    },
    "rprojroot": {
      "Package": "rprojroot",
      "Version": "2.1.1",
      "Source": "Repository",
      "Repository": "CRAN",
      "Hash": "b2453de2d29aa646afe4781defdc7903"
    },
    "sass": {
      "Package": "sass",
      "Version": "0.4.10",
      "Source": "Repository",
      "Repository": "CRAN",
      "Hash": "3fb78d066fb92299b1d13f6a7c9a90a8"
    },
    "tinytex": {
      "Package": "tinytex",
      "Version": "0.60",
      "Source": "Repository",
      "Repository": "CRAN",
      "Hash": "263651b52279eaa7835e44aa32f9b754"
    },
    "xfun": {
      "Package": "xfun",
      "Version": "0.60",
      "Source": "Repository",
      "Repository": "CRAN",
      "Hash": "8304c2894061f6ae062996f09dd1528e"
    },
    "yaml": {
      "Package": "yaml",
      "Version": "2.3.12",
      "Source": "Repository",
      "Repository": "CRAN",
      "Hash": "7cd77cb32abd9220d744307e9fc94ffb"
    }
  }
}
